github.com/lvan100/go-assert v0.0.1 h1:qBYQ8zOvRl7u5+8YnTxKBaRnqYoADOS6XRyxecLFJnU=
github.com/lvan100/go-assert v0.0.1/go.mod h1:osFFuU9zt4/SdTaJ9uU3y9qabAFDYlaH4Yte/ndDAj4=
go.uber.org/mock v0.5.1 h1:ASgazW/qBmR+A32MYFDB6E2POoTgOwT509VP0CT/fjs=
go.uber.org/mock v0.5.1/go.mod h1:ge71pBPLYDk7QIi1LupWxdAykm7KIEFchiOqd6z7qMM=
